
Microsoft Visual Studio Solution File, Format Version 12.00
# Visual Studio Version 17
VisualStudioVersion = 17.2.32519.379
MinimumVisualStudioVersion = 10.0.40219.1
Project("{FAE04EC0-301F-11D3-BF4B-00C04F79EFBC}") = "xiaoHai.TestPlugins", "xiaoHai.TestPlugins\xiaoHai.TestPlugins.csproj", "{88E3347A-DEF7-4EED-938A-81E0CB91C1E0}"
EndProject
Global
	GlobalSection(SolutionConfigurationPlatforms) = preSolution
		Debug|Any CPU = Debug|Any CPU
		Release|Any CPU = Release|Any CPU
	EndGlobalSection
	GlobalSection(ProjectConfigurationPlatforms) = postSolution
		{88E3347A-DEF7-4EED-938A-81E0CB91C1E0}.Debug|Any CPU.ActiveCfg = Debug|Any CPU
		{88E3347A-DEF7-4EED-938A-81E0CB91C1E0}.Debug|Any CPU.Build.0 = Debug|Any CPU
		{88E3347A-DEF7-4EED-938A-81E0CB91C1E0}.Release|Any CPU.ActiveCfg = Release|Any CPU
		{88E3347A-DEF7-4EED-938A-81E0CB91C1E0}.Release|Any CPU.Build.0 = Release|Any CPU
	EndGlobalSection
	GlobalSection(SolutionProperties) = preSolution
		HideSolutionNode = FALSE
	EndGlobalSection
	GlobalSection(ExtensibilityGlobals) = postSolution
		SolutionGuid = {B3A42C55-3FCD-4B57-9268-D65875E3619B}
	EndGlobalSection
EndGlobal
